
Microsoft Visual Studio Solution File, Format Version 12.00
# Visual Studio Version 16
VisualStudioVersion = 16.0.31129.286
MinimumVisualStudioVersion = 10.0.40219.1
Project("{FAE04EC0-301F-11D3-BF4B-00C04F79EFBC}") = "TabControlzEXExample", "TabControlzEXExample.csproj", "{897B1A27-C826-4487-92FB-2820C8D73C5C}"
EndProject
Global
	GlobalSection(SolutionConfigurationPlatforms) = preSolution
		Debug|Any CPU = Debug|Any CPU
		Release|Any CPU = Release|Any CPU
	EndGlobalSection
	GlobalSection(ProjectConfigurationPlatforms) = postSolution
		{897B1A27-C826-4487-92FB-2820C8D73C5C}.Debug|Any CPU.ActiveCfg = Debug|Any CPU
		{897B1A27-C826-4487-92FB-2820C8D73C5C}.Debug|Any CPU.Build.0 = Debug|Any CPU
		{897B1A27-C826-4487-92FB-2820C8D73C5C}.Release|Any CPU.ActiveCfg = Release|Any CPU
		{897B1A27-C826-4487-92FB-2820C8D73C5C}.Release|Any CPU.Build.0 = Release|Any CPU
	EndGlobalSection
	GlobalSection(SolutionProperties) = preSolution
		HideSolutionNode = FALSE
	EndGlobalSection
	GlobalSection(ExtensibilityGlobals) = postSolution
		SolutionGuid = {5A9906A6-56F5-4830-89DD-5581DA382CF8}
	EndGlobalSection
EndGlobal
